// !$*UTF8*$!
{
	archiveVersion = 1;
	classes = {
	};
	objectVersion = 56;
	objects = {

/* Begin PBXBuildFile section */
		17FD96D22D6E1037002C0370 /* Ardc2App.swift in Sources */ = {isa = PBXBuildFile; fileRef = 17FD96D12D6E1037002C0370 /* Ardc2App.swift */; };
		17FD96D42D6E1037002C0370 /* ContentView.swift in Sources */ = {isa = PBXBuildFile; fileRef = 17FD96D32D6E1037002C0370 /* ContentView.swift */; };
		17FD96D62D6E1039002C0370 /* Assets.xcassets in Resources */ = {isa = PBXBuildFile; fileRef = 17FD96D52D6E1039002C0370 /* Assets.xcassets */; };
		17FD96D92D6E1039002C0370 /* Preview Assets.xcassets in Resources */ = {isa = PBXBuildFile; fileRef = 17FD96D82D6E1039002C0370 /* Preview Assets.xcassets */; };
		17FD96E32D6E1039002C0370 /* Ardc2Tests.swift in Sources */ = {isa = PBXBuildFile; fileRef = 17FD96E22D6E1039002C0370 /* Ardc2Tests.swift */; };
		17FD96ED2D6E1039002C0370 /* Ardc2UITests.swift in Sources */ = {isa = PBXBuildFile; fileRef = 17FD96EC2D6E1039002C0370 /* Ardc2UITests.swift */; };
		17FD96EF2D6E1039002C0370 /* Ardc2UITestsLaunchTests.swift in Sources */ = {isa = PBXBuildFile; fileRef = 17FD96EE2D6E1039002C0370 /* Ardc2UITestsLaunchTests.swift */; };
/* End PBXBuildFile section */

/* Begin PBXContainerItemProxy section */
		17FD96DF2D6E1039002C0370 /* PBXContainerItemProxy */ = {
			isa = PBXContainerItemProxy;
			containerPortal = 17FD96C62D6E1037002C0370 /* Project object */;
			proxyType = 1;
			remoteGlobalIDString = 17FD96CD2D6E1037002C0370;
			remoteInfo = Ardc2;
		};
		17FD96E92D6E1039002C0370 /* PBXContainerItemProxy */ = {
			isa = PBXContainerItemProxy;
			containerPortal = 17FD96C62D6E1037002C0370 /* Project object */;
			proxyType = 1;
			remoteGlobalIDString = 17FD96CD2D6E1037002C0370;
			remoteInfo = Ardc2;
		};
/* End PBXContainerItemProxy section */

/* Begin PBXFileReference section */
		17FD96CE2D6E1037002C0370 /* Ardc2.app */ = {isa = PBXFileReference; explicitFileType = wrapper.application; includeInIndex = 0; path = Ardc2.app; sourceTree = BUILT_PRODUCTS_DIR; };
		17FD96D12D6E1037002C0370 /* Ardc2App.swift */ = {isa = PBXFileReference; lastKnownFileType = sourcecode.swift; path = Ardc2App.swift; sourceTree = "<group>"; };
		17FD96D32D6E1037002C0370 /* ContentView.swift */ = {isa = PBXFileReference; lastKnownFileType = sourcecode.swift; path = ContentView.swift; sourceTree = "<group>"; };
		17FD96D52D6E1039002C0370 /* Assets.xcassets */ = {isa = PBXFileReference; lastKnownFileType = folder.assetcatalog; path = Assets.xcassets; sourceTree = "<group>"; };
		17FD96D82D6E1039002C0370 /* Preview Assets.xcassets */ = {isa = PBXFileReference; lastKnownFileType = folder.assetcatalog; path = "Preview Assets.xcassets"; sourceTree = "<group>"; };
		17FD96DE2D6E1039002C0370 /* Ardc2Tests.xctest */ = {isa = PBXFileReference; explicitFileType = wrapper.cfbundle; includeInIndex = 0; path = Ardc2Tests.xctest; sourceTree = BUILT_PRODUCTS_DIR; };
		17FD96E22D6E1039002C0370 /* Ardc2Tests.swift */ = {isa = PBXFileReference; lastKnownFileType = sourcecode.swift; path = Ardc2Tests.swift; sourceTree = "<group>"; };
		17FD96E82D6E1039002C0370 /* Ardc2UITests.xctest */ = {isa = PBXFileReference; explicitFileType = wrapper.cfbundle; includeInIndex = 0; path = Ardc2UITests.xctest; sourceTree = BUILT_PRODUCTS_DIR; };
		17FD96EC2D6E1039002C0370 /* Ardc2UITests.swift */ = {isa = PBXFileReference; lastKnownFileType = sourcecode.swift; path = Ardc2UITests.swift; sourceTree = "<group>"; };
		17FD96EE2D6E1039002C0370 /* Ardc2UITestsLaunchTests.swift */ = {isa = PBXFileReference; lastKnownFileType = sourcecode.swift; path = Ardc2UITestsLaunchTests.swift; sourceTree = "<group>"; };
/* End PBXFileReference section */

/* Begin PBXFrameworksBuildPhase section */
		17FD96CB2D6E1037002C0370 /* Frameworks */ = {
			isa = PBXFrameworksBuildPhase;
			buildActionMask = 2147483647;
			files = (
			);
			runOnlyForDeploymentPostprocessing = 0;
		};
		17FD96DB2D6E1039002C0370 /* Frameworks */ = {
			isa = PBXFrameworksBuildPhase;
			buildActionMask = 2147483647;
			files = (
			);
			runOnlyForDeploymentPostprocessing = 0;
		};
		17FD96E52D6E1039002C0370 /* Frameworks */ = {
			isa = PBXFrameworksBuildPhase;
			buildActionMask = 2147483647;
			files = (
			);
			runOnlyForDeploymentPostprocessing = 0;
		};
/* End PBXFrameworksBuildPhase section */

/* Begin PBXGroup section */
		17FD96C52D6E1037002C0370 = {
			isa = PBXGroup;
			children = (
				17FD96D02D6E1037002C0370 /* Ardc2 */,
				17FD96E12D6E1039002C0370 /* Ardc2Tests */,
				17FD96EB2D6E1039002C0370 /* Ardc2UITests */,
				17FD96CF2D6E1037002C0370 /* Products */,
			);
			sourceTree = "<group>";
		};
		17FD96CF2D6E1037002C0370 /* Products */ = {
			isa = PBXGroup;
			children = (
				17FD96CE2D6E1037002C0370 /* Ardc2.app */,
				17FD96DE2D6E1039002C0370 /* Ardc2Tests.xctest */,
				17FD96E82D6E1039002C0370 /* Ardc2UITests.xctest */,
			);
			name = Products;
			sourceTree = "<group>";
		};
		17FD96D02D6E1037002C0370 /* Ardc2 */ = {
			isa = PBXGroup;
			children = (
				17FD96D12D6E1037002C0370 /* Ardc2App.swift */,
				17FD96D32D6E1037002C0370 /* ContentView.swift */,
				17FD96D52D6E1039002C0370 /* Assets.xcassets */,
				17FD96D72D6E1039002C0370 /* Preview Content */,
			);
			path = Ardc2;
			sourceTree = "<group>";
		};
		17FD96D72D6E1039002C0370 /* Preview Content */ = {
			isa = PBXGroup;
			children = (
				17FD96D82D6E1039002C0370 /* Preview Assets.xcassets */,
			);
			path = "Preview Content";
			sourceTree = "<group>";
		};
		17FD96E12D6E1039002C0370 /* Ardc2Tests */ = {
			isa = PBXGroup;
			children = (
				17FD96E22D6E1039002C0370 /* Ardc2Tests.swift */,
			);
			path = Ardc2Tests;
			sourceTree = "<group>";
		};
		17FD96EB2D6E1039002C0370 /* Ardc2UITests */ = {
			isa = PBXGroup;
			children = (
				17FD96EC2D6E1039002C0370 /* Ardc2UITests.swift */,
				17FD96EE2D6E1039002C0370 /* Ardc2UITestsLaunchTests.swift */,
			);
			path = Ardc2UITests;
			sourceTree = "<group>";
		};
/* End PBXGroup section */

/* Begin PBXNativeTarget section */
		17FD96CD2D6E1037002C0370 /* Ardc2 */ = {
			isa = PBXNativeTarget;
			buildConfigurationList = 17FD96F22D6E1039002C0370 /* Build configuration list for PBXNativeTarget "Ardc2" */;
			buildPhases = (
				17FD96CA2D6E1037002C0370 /* Sources */,
				17FD96CB2D6E1037002C0370 /* Frameworks */,
				17FD96CC2D6E1037002C0370 /* Resources */,
			);
			buildRules = (
			);
			dependencies = (
			);
			name = Ardc2;
			productName = Ardc2;
			productReference = 17FD96CE2D6E1037002C0370 /* Ardc2.app */;
			productType = "com.apple.product-type.application";
		};
		17FD96DD2D6E1039002C0370 /* Ardc2Tests */ = {
			isa = PBXNativeTarget;
			buildConfigurationList = 17FD96F52D6E1039002C0370 /* Build configuration list for PBXNativeTarget "Ardc2Tests" */;
			buildPhases = (
				17FD96DA2D6E1039002C0370 /* Sources */,
				17FD96DB2D6E1039002C0370 /* Frameworks */,
				17FD96DC2D6E1039002C0370 /* Resources */,
			);
			buildRules = (
			);
			dependencies = (
				17FD96E02D6E1039002C0370 /* PBXTargetDependency */,
			);
			name = Ardc2Tests;
			productName = Ardc2Tests;
			productReference = 17FD96DE2D6E1039002C0370 /* Ardc2Tests.xctest */;
			productType = "com.apple.product-type.bundle.unit-test";
		};
		17FD96E72D6E1039002C0370 /* Ardc2UITests */ = {
			isa = PBXNativeTarget;
			buildConfigurationList = 17FD96F82D6E1039002C0370 /* Build configuration list for PBXNativeTarget "Ardc2UITests" */;
			buildPhases = (
				17FD96E42D6E1039002C0370 /* Sources */,
				17FD96E52D6E1039002C0370 /* Frameworks */,
				17FD96E62D6E1039002C0370 /* Resources */,
			);
			buildRules = (
			);
			dependencies = (
				17FD96EA2D6E1039002C0370 /* PBXTargetDependency */,
			);
			name = Ardc2UITests;
			productName = Ardc2UITests;
			productReference = 17FD96E82D6E1039002C0370 /* Ardc2UITests.xctest */;
			productType = "com.apple.product-type.bundle.ui-testing";
		};
/* End PBXNativeTarget section */

/* Begin PBXProject section */
		17FD96C62D6E1037002C0370 /* Project object */ = {
			isa = PBXProject;
			attributes = {
				BuildIndependentTargetsInParallel = 1;
				LastSwiftUpdateCheck = 1540;
				LastUpgradeCheck = 1540;
				TargetAttributes = {
					17FD96CD2D6E1037002C0370 = {
						CreatedOnToolsVersion = 15.4;
					};
					17FD96DD2D6E1039002C0370 = {
						CreatedOnToolsVersion = 15.4;
						TestTargetID = 17FD96CD2D6E1037002C0370;
					};
					17FD96E72D6E1039002C0370 = {
						CreatedOnToolsVersion = 15.4;
						TestTargetID = 17FD96CD2D6E1037002C0370;
					};
				};
			};
			buildConfigurationList = 17FD96C92D6E1037002C0370 /* Build configuration list for PBXProject "Ardc2" */;
			compatibilityVersion = "Xcode 14.0";
			developmentRegion = en;
			hasScannedForEncodings = 0;
			knownRegions = (
				en,
				Base,
			);
			mainGroup = 17FD96C52D6E1037002C0370;
			productRefGroup = 17FD96CF2D6E1037002C0370 /* Products */;
			projectDirPath = "";
			projectRoot = "";
			targets = (
				17FD96CD2D6E1037002C0370 /* Ardc2 */,
				17FD96DD2D6E1039002C0370 /* Ardc2Tests */,
				17FD96E72D6E1039002C0370 /* Ardc2UITests */,
			);
		};
/* End PBXProject section */

/* Begin PBXResourcesBuildPhase section */
		17FD96CC2D6E1037002C0370 /* Resources */ = {
			isa = PBXResourcesBuildPhase;
			buildActionMask = 2147483647;
			files = (
				17FD96D92D6E1039002C0370 /* Preview Assets.xcassets in Resources */,
				17FD96D62D6E1039002C0370 /* Assets.xcassets in Resources */,
			);
			runOnlyForDeploymentPostprocessing = 0;
		};
		17FD96DC2D6E1039002C0370 /* Resources */ = {
			isa = PBXResourcesBuildPhase;
			buildActionMask = 2147483647;
			files = (
			);
			runOnlyForDeploymentPostprocessing = 0;
		};
		17FD96E62D6E1039002C0370 /* Resources */ = {
			isa = PBXResourcesBuildPhase;
			buildActionMask = 2147483647;
			files = (
			);
			runOnlyForDeploymentPostprocessing = 0;
		};
/* End PBXResourcesBuildPhase section */

/* Begin PBXSourcesBuildPhase section */
		17FD96CA2D6E1037002C0370 /* Sources */ = {
			isa = PBXSourcesBuildPhase;
			buildActionMask = 2147483647;
			files = (
				17FD96D42D6E1037002C0370 /* ContentView.swift in Sources */,
				17FD96D22D6E1037002C0370 /* Ardc2App.swift in Sources */,
			);
			runOnlyForDeploymentPostprocessing = 0;
		};
		17FD96DA2D6E1039002C0370 /* Sources */ = {
			isa = PBXSourcesBuildPhase;
			buildActionMask = 2147483647;
			files = (
				17FD96E32D6E1039002C0370 /* Ardc2Tests.swift in Sources */,
			);
			runOnlyForDeploymentPostprocessing = 0;
		};
		17FD96E42D6E1039002C0370 /* Sources */ = {
			isa = PBXSourcesBuildPhase;
			buildActionMask = 2147483647;
			files = (
				17FD96ED2D6E1039002C0370 /* Ardc2UITests.swift in Sources */,
				17FD96EF2D6E1039002C0370 /* Ardc2UITestsLaunchTests.swift in Sources */,
			);
			runOnlyForDeploymentPostprocessing = 0;
		};
/* End PBXSourcesBuildPhase section */

/* Begin PBXTargetDependency section */
		17FD96E02D6E1039002C0370 /* PBXTargetDependency */ = {
			isa = PBXTargetDependency;
			target = 17FD96CD2D6E1037002C0370 /* Ardc2 */;
			targetProxy = 17FD96DF2D6E1039002C0370 /* PBXContainerItemProxy */;
		};
		17FD96EA2D6E1039002C0370 /* PBXTargetDependency */ = {
			isa = PBXTargetDependency;
			target = 17FD96CD2D6E1037002C0370 /* Ardc2 */;
			targetProxy = 17FD96E92D6E1039002C0370 /* PBXContainerItemProxy */;
		};
/* End PBXTargetDependency section */

/* Begin XCBuildConfiguration section */
		17FD96F02D6E1039002C0370 /* Debug */ = {
			isa = XCBuildConfiguration;
			buildSettings = {
				ALWAYS_SEARCH_USER_PATHS = NO;
				ASSETCATALOG_COMPILER_GENERATE_SWIFT_ASSET_SYMBOL_EXTENSIONS = YES;
				CLANG_ANALYZER_NONNULL = YES;
				CLANG_ANALYZER_NUMBER_OBJECT_CONVERSION = YES_AGGRESSIVE;
				CLANG_CXX_LANGUAGE_STANDARD = "gnu++20";
				CLANG_ENABLE_MODULES = YES;
				CLANG_ENABLE_OBJC_ARC = YES;
				CLANG_ENABLE_OBJC_WEAK = YES;
				CLANG_WARN_BLOCK_CAPTURE_AUTORELEASING = YES;
				CLANG_WARN_BOOL_CONVERSION = YES;
				CLANG_WARN_COMMA = YES;
				CLANG_WARN_CONSTANT_CONVERSION = YES;
				CLANG_WARN_DEPRECATED_OBJC_IMPLEMENTATIONS = YES;
				CLANG_WARN_DIRECT_OBJC_ISA_USAGE = YES_ERROR;
				CLANG_WARN_DOCUMENTATION_COMMENTS = YES;
				CLANG_WARN_EMPTY_BODY = YES;
				CLANG_WARN_ENUM_CONVERSION = YES;
				CLANG_WARN_INFINITE_RECURSION = YES;
				CLANG_WARN_INT_CONVERSION = YES;
				CLANG_WARN_NON_LITERAL_NULL_CONVERSION = YES;
				CLANG_WARN_OBJC_IMPLICIT_RETAIN_SELF = YES;
				CLANG_WARN_OBJC_LITERAL_CONVERSION = YES;
				CLANG_WARN_OBJC_ROOT_CLASS = YES_ERROR;
				CLANG_WARN_QUOTED_INCLUDE_IN_FRAMEWORK_HEADER = YES;
				CLANG_WARN_RANGE_LOOP_ANALYSIS = YES;
				CLANG_WARN_STRICT_PROTOTYPES = YES;
				CLANG_WARN_SUSPICIOUS_MOVE = YES;
				CLANG_WARN_UNGUARDED_AVAILABILITY = YES_AGGRESSIVE;
				CLANG_WARN_UNREACHABLE_CODE = YES;
				CLANG_WARN__DUPLICATE_METHOD_MATCH = YES;
				COPY_PHASE_STRIP = NO;
				DEBUG_INFORMATION_FORMAT = dwarf;
				ENABLE_STRICT_OBJC_MSGSEND = YES;
				ENABLE_TESTABILITY = YES;
				ENABLE_USER_SCRIPT_SANDBOXING = YES;
				GCC_C_LANGUAGE_STANDARD = gnu17;
				GCC_DYNAMIC_NO_PIC = NO;
				GCC_NO_COMMON_BLOCKS = YES;
				GCC_OPTIMIZATION_LEVEL = 0;
				GCC_PREPROCESSOR_DEFINITIONS = (
					"DEBUG=1",
					"$(inherited)",
				);
				GCC_WARN_64_TO_32_BIT_CONVERSION = YES;
				GCC_WARN_ABOUT_RETURN_TYPE = YES_ERROR;
				GCC_WARN_UNDECLARED_SELECTOR = YES;
				GCC_WARN_UNINITIALIZED_AUTOS = YES_AGGRESSIVE;
				GCC_WARN_UNUSED_FUNCTION = YES;
				GCC_WARN_UNUSED_VARIABLE = YES;
				IPHONEOS_DEPLOYMENT_TARGET = 17.5;
				LOCALIZATION_PREFERS_STRING_CATALOGS = YES;
				MTL_ENABLE_DEBUG_INFO = INCLUDE_SOURCE;
				MTL_FAST_MATH = YES;
				ONLY_ACTIVE_ARCH = YES;
				SDKROOT = iphoneos;
				SWIFT_ACTIVE_COMPILATION_CONDITIONS = "DEBUG $(inherited)";
				SWIFT_OPTIMIZATION_LEVEL = "-Onone";
			};
			name = Debug;
		};
		17FD96F12D6E1039002C0370 /* Release */ = {
			isa = XCBuildConfiguration;
			buildSettings = {
				ALWAYS_SEARCH_USER_PATHS = NO;
				ASSETCATALOG_COMPILER_GENERATE_SWIFT_ASSET_SYMBOL_EXTENSIONS = YES;
				CLANG_ANALYZER_NONNULL = YES;
				CLANG_ANALYZER_NUMBER_OBJECT_CONVERSION = YES_AGGRESSIVE;
				CLANG_CXX_LANGUAGE_STANDARD = "gnu++20";
				CLANG_ENABLE_MODULES = YES;
				CLANG_ENABLE_OBJC_ARC = YES;
				CLANG_ENABLE_OBJC_WEAK = YES;
				CLANG_WARN_BLOCK_CAPTURE_AUTORELEASING = YES;
				CLANG_WARN_BOOL_CONVERSION = YES;
				CLANG_WARN_COMMA = YES;
				CLANG_WARN_CONSTANT_CONVERSION = YES;
				CLANG_WARN_DEPRECATED_OBJC_IMPLEMENTATIONS = YES;
				CLANG_WARN_DIRECT_OBJC_ISA_USAGE = YES_ERROR;
				CLANG_WARN_DOCUMENTATION_COMMENTS = YES;
				CLANG_WARN_EMPTY_BODY = YES;
				CLANG_WARN_ENUM_CONVERSION = YES;
				CLANG_WARN_INFINITE_RECURSION = YES;
				CLANG_WARN_INT_CONVERSION = YES;
				CLANG_WARN_NON_LITERAL_NULL_CONVERSION = YES;
				CLANG_WARN_OBJC_IMPLICIT_RETAIN_SELF = YES;
				CLANG_WARN_OBJC_LITERAL_CONVERSION = YES;
				CLANG_WARN_OBJC_ROOT_CLASS = YES_ERROR;
				CLANG_WARN_QUOTED_INCLUDE_IN_FRAMEWORK_HEADER = YES;
				CLANG_WARN_RANGE_LOOP_ANALYSIS = YES;
				CLANG_WARN_STRICT_PROTOTYPES = YES;
				CLANG_WARN_SUSPICIOUS_MOVE = YES;
				CLANG_WARN_UNGUARDED_AVAILABILITY = YES_AGGRESSIVE;
				CLANG_WARN_UNREACHABLE_CODE = YES;
				CLANG_WARN__DUPLICATE_METHOD_MATCH = YES;
				COPY_PHASE_STRIP = NO;
				DEBUG_INFORMATION_FORMAT = "dwarf-with-dsym";
				ENABLE_NS_ASSERTIONS = NO;
				ENABLE_STRICT_OBJC_MSGSEND = YES;
				ENABLE_USER_SCRIPT_SANDBOXING = YES;
				GCC_C_LANGUAGE_STANDARD = gnu17;
				GCC_NO_COMMON_BLOCKS = YES;
				GCC_WARN_64_TO_32_BIT_CONVERSION = YES;
				GCC_WARN_ABOUT_RETURN_TYPE = YES_ERROR;
				GCC_WARN_UNDECLARED_SELECTOR = YES;
				GCC_WARN_UNINITIALIZED_AUTOS = YES_AGGRESSIVE;
				GCC_WARN_UNUSED_FUNCTION = YES;
				GCC_WARN_UNUSED_VARIABLE = YES;
				IPHONEOS_DEPLOYMENT_TARGET = 17.5;
				LOCALIZATION_PREFERS_STRING_CATALOGS = YES;
				MTL_ENABLE_DEBUG_INFO = NO;
				MTL_FAST_MATH = YES;
				SDKROOT = iphoneos;
				SWIFT_COMPILATION_MODE = wholemodule;
				VALIDATE_PRODUCT = YES;
			};
			name = Release;
		};
		17FD96F32D6E1039002C0370 /* Debug */ = {
			isa = XCBuildConfiguration;
			buildSettings = {
				ASSETCATALOG_COMPILER_APPICON_NAME = AppIcon;
				ASSETCATALOG_COMPILER_GLOBAL_ACCENT_COLOR_NAME = AccentColor;
				CODE_SIGN_STYLE = Automatic;
				CURRENT_PROJECT_VERSION = 1;
				DEVELOPMENT_ASSET_PATHS = "\"Ardc2/Preview Content\"";
				DEVELOPMENT_TEAM = BF2T8JR387;
				ENABLE_PREVIEWS = YES;
				GENERATE_INFOPLIST_FILE = YES;
				INFOPLIST_KEY_NSCameraUsageDescription = "Camera usage description";
				INFOPLIST_KEY_UIApplicationSceneManifest_Generation = YES;
				INFOPLIST_KEY_UIApplicationSupportsIndirectInputEvents = YES;
				INFOPLIST_KEY_UILaunchScreen_Generation = YES;
				INFOPLIST_KEY_UISupportedInterfaceOrientations_iPad = "UIInterfaceOrientationPortrait UIInterfaceOrientationPortraitUpsideDown UIInterfaceOrientationLandscapeLeft UIInterfaceOrientationLandscapeRight";
				INFOPLIST_KEY_UISupportedInterfaceOrientations_iPhone = "UIInterfaceOrientationPortrait UIInterfaceOrientationLandscapeLeft UIInterfaceOrientationLandscapeRight";
				LD_RUNPATH_SEARCH_PATHS = (
					"$(inherited)",
					"@executable_path/Frameworks",
				);
				MARKETING_VERSION = 1.0;
				PRODUCT_BUNDLE_IDENTIFIER = Mozilla.Ardc2;
				PRODUCT_NAME = "$(TARGET_NAME)";
				SWIFT_EMIT_LOC_STRINGS = YES;
				SWIFT_VERSION = 5.0;
				TARGETED_DEVICE_FAMILY = "1,2";
			};
			name = Debug;
		};
		17FD96F42D6E1039002C0370 /* Release */ = {
			isa = XCBuildConfiguration;
			buildSettings = {
				ASSETCATALOG_COMPILER_APPICON_NAME = AppIcon;
				ASSETCATALOG_COMPILER_GLOBAL_ACCENT_COLOR_NAME = AccentColor;
				CODE_SIGN_STYLE = Automatic;
				CURRENT_PROJECT_VERSION = 1;
				DEVELOPMENT_ASSET_PATHS = "\"Ardc2/Preview Content\"";
				DEVELOPMENT_TEAM = BF2T8JR387;
				ENABLE_PREVIEWS = YES;
				GENERATE_INFOPLIST_FILE = YES;
				INFOPLIST_KEY_NSCameraUsageDescription = "Camera usage description";
				INFOPLIST_KEY_UIApplicationSceneManifest_Generation = YES;
				INFOPLIST_KEY_UIApplicationSupportsIndirectInputEvents = YES;
				INFOPLIST_KEY_UILaunchScreen_Generation = YES;
				INFOPLIST_KEY_UISupportedInterfaceOrientations_iPad = "UIInterfaceOrientationPortrait UIInterfaceOrientationPortraitUpsideDown UIInterfaceOrientationLandscapeLeft UIInterfaceOrientationLandscapeRight";
				INFOPLIST_KEY_UISupportedInterfaceOrientations_iPhone = "UIInterfaceOrientationPortrait UIInterfaceOrientationLandscapeLeft UIInterfaceOrientationLandscapeRight";
				LD_RUNPATH_SEARCH_PATHS = (
					"$(inherited)",
					"@executable_path/Frameworks",
				);
				MARKETING_VERSION = 1.0;
				PRODUCT_BUNDLE_IDENTIFIER = Mozilla.Ardc2;
				PRODUCT_NAME = "$(TARGET_NAME)";
				SWIFT_EMIT_LOC_STRINGS = YES;
				SWIFT_VERSION = 5.0;
				TARGETED_DEVICE_FAMILY = "1,2";
			};
			name = Release;
		};
		17FD96F62D6E1039002C0370 /* Debug */ = {
			isa = XCBuildConfiguration;
			buildSettings = {
				ALWAYS_EMBED_SWIFT_STANDARD_LIBRARIES = YES;
				BUNDLE_LOADER = "$(TEST_HOST)";
				CODE_SIGN_STYLE = Automatic;
				CURRENT_PROJECT_VERSION = 1;
				DEVELOPMENT_TEAM = BF2T8JR387;
				GENERATE_INFOPLIST_FILE = YES;
				IPHONEOS_DEPLOYMENT_TARGET = 17.5;
				MARKETING_VERSION = 1.0;
				PRODUCT_BUNDLE_IDENTIFIER = Mozilla.Ardc2Tests;
				PRODUCT_NAME = "$(TARGET_NAME)";
				SWIFT_EMIT_LOC_STRINGS = NO;
				SWIFT_VERSION = 5.0;
				TARGETED_DEVICE_FAMILY = "1,2";
				TEST_HOST = "$(BUILT_PRODUCTS_DIR)/Ardc2.app/$(BUNDLE_EXECUTABLE_FOLDER_PATH)/Ardc2";
			};
			name = Debug;
		};
		17FD96F72D6E1039002C0370 /* Release */ = {
			isa = XCBuildConfiguration;
			buildSettings = {
				ALWAYS_EMBED_SWIFT_STANDARD_LIBRARIES = YES;
				BUNDLE_LOADER = "$(TEST_HOST)";
				CODE_SIGN_STYLE = Automatic;
				CURRENT_PROJECT_VERSION = 1;
				DEVELOPMENT_TEAM = BF2T8JR387;
				GENERATE_INFOPLIST_FILE = YES;
				IPHONEOS_DEPLOYMENT_TARGET = 17.5;
				MARKETING_VERSION = 1.0;
				PRODUCT_BUNDLE_IDENTIFIER = Mozilla.Ardc2Tests;
				PRODUCT_NAME = "$(TARGET_NAME)";
				SWIFT_EMIT_LOC_STRINGS = NO;
				SWIFT_VERSION = 5.0;
				TARGETED_DEVICE_FAMILY = "1,2";
				TEST_HOST = "$(BUILT_PRODUCTS_DIR)/Ardc2.app/$(BUNDLE_EXECUTABLE_FOLDER_PATH)/Ardc2";
			};
			name = Release;
		};
		17FD96F92D6E1039002C0370 /* Debug */ = {
			isa = XCBuildConfiguration;
			buildSettings = {
				ALWAYS_EMBED_SWIFT_STANDARD_LIBRARIES = YES;
				CODE_SIGN_STYLE = Automatic;
				CURRENT_PROJECT_VERSION = 1;
				DEVELOPMENT_TEAM = BF2T8JR387;
				GENERATE_INFOPLIST_FILE = YES;
				MARKETING_VERSION = 1.0;
				PRODUCT_BUNDLE_IDENTIFIER = Mozilla.Ardc2UITests;
				PRODUCT_NAME = "$(TARGET_NAME)";
				SWIFT_EMIT_LOC_STRINGS = NO;
				SWIFT_VERSION = 5.0;
				TARGETED_DEVICE_FAMILY = "1,2";
				TEST_TARGET_NAME = Ardc2;
			};
			name = Debug;
		};
		17FD96FA2D6E1039002C0370 /* Release */ = {
			isa = XCBuildConfiguration;
			buildSettings = {
				ALWAYS_EMBED_SWIFT_STANDARD_LIBRARIES = YES;
				CODE_SIGN_STYLE = Automatic;
				CURRENT_PROJECT_VERSION = 1;
				DEVELOPMENT_TEAM = BF2T8JR387;
				GENERATE_INFOPLIST_FILE = YES;
				MARKETING_VERSION = 1.0;
				PRODUCT_BUNDLE_IDENTIFIER = Mozilla.Ardc2UITests;
				PRODUCT_NAME = "$(TARGET_NAME)";
				SWIFT_EMIT_LOC_STRINGS = NO;
				SWIFT_VERSION = 5.0;
				TARGETED_DEVICE_FAMILY = "1,2";
				TEST_TARGET_NAME = Ardc2;
			};
			name = Release;
		};
/* End XCBuildConfiguration section */

/* Begin XCConfigurationList section */
		17FD96C92D6E1037002C0370 /* Build configuration list for PBXProject "Ardc2" */ = {
			isa = XCConfigurationList;
			buildConfigurations = (
				17FD96F02D6E1039002C0370 /* Debug */,
				17FD96F12D6E1039002C0370 /* Release */,
			);
			defaultConfigurationIsVisible = 0;
			defaultConfigurationName = Release;
		};
		17FD96F22D6E1039002C0370 /* Build configuration list for PBXNativeTarget "Ardc2" */ = {
			isa = XCConfigurationList;
			buildConfigurations = (
				17FD96F32D6E1039002C0370 /* Debug */,
				17FD96F42D6E1039002C0370 /* Release */,
			);
			defaultConfigurationIsVisible = 0;
			defaultConfigurationName = Release;
		};
		17FD96F52D6E1039002C0370 /* Build configuration list for PBXNativeTarget "Ardc2Tests" */ = {
			isa = XCConfigurationList;
			buildConfigurations = (
				17FD96F62D6E1039002C0370 /* Debug */,
				17FD96F72D6E1039002C0370 /* Release */,
			);
			defaultConfigurationIsVisible = 0;
			defaultConfigurationName = Release;
		};
		17FD96F82D6E1039002C0370 /* Build configuration list for PBXNativeTarget "Ardc2UITests" */ = {
			isa = XCConfigurationList;
			buildConfigurations = (
				17FD96F92D6E1039002C0370 /* Debug */,
				17FD96FA2D6E1039002C0370 /* Release */,
			);
			defaultConfigurationIsVisible = 0;
			defaultConfigurationName = Release;
		};
/* End XCConfigurationList section */
	};
	rootObject = 17FD96C62D6E1037002C0370 /* Project object */;
}
